PODS:
  - Alamofire (4.0.0)

DEPENDENCIES:
  - Alamofire (from `https://github.com/Alamofire/Alamofire.git`)

EXTERNAL SOURCES:
  Alamofire:
    :git: https://github.com/Alamofire/Alamofire.git

CHECKOUT OPTIONS:
  Alamofire:
    :commit: e50160acda93a4309dc862fcbec32602cf805528
    :git: https://github.com/Alamofire/Alamofire.git

SPEC CHECKSUMS:
  Alamofire: fef59f00388f267e52d9b432aa5d93dc97190f14

PODFILE CHECKSUM: 70e076475f3b7f5e9cba60699a4045f63f367a1d

COCOAPODS: 1.0.1
